// !$*UTF8*$!
{
	archiveVersion = 1;
	classes = {
	};
	objectVersion = 50;
	objects = {

/* Begin PBXBuildFile section */
		553F8B2A2425A31C0072E20A /* PhotoDetailViewController.swift in Sources */ = {isa = PBXBuildFile; fileRef = 553F8B292425A31C0072E20A /* PhotoDetailViewController.swift */; };
		5578A4B92423C35C0068D292 /* AppDelegate.swift in Sources */ = {isa = PBXBuildFile; fileRef = 5578A4B82423C35C0068D292 /* AppDelegate.swift */; };
		5578A4BB2423C35C0068D292 /* ViewController.swift in Sources */ = {isa = PBXBuildFile; fileRef = 5578A4BA2423C35C0068D292 /* ViewController.swift */; };
		5578A4BE2423C35C0068D292 /* Main.storyboard in Resources */ = {isa = PBXBuildFile; fileRef = 5578A4BC2423C35C0068D292 /* Main.storyboard */; };
		5578A4C02423C3650068D292 /* Assets.xcassets in Resources */ = {isa = PBXBuildFile; fileRef = 5578A4BF2423C3650068D292 /* Assets.xcassets */; };
		5578A4C32423C3650068D292 /* LaunchScreen.storyboard in Resources */ = {isa = PBXBuildFile; fileRef = 5578A4C12423C3650068D292 /* LaunchScreen.storyboard */; };
		558A1DB12424F19E008B6ECE /* ShowAlbumViewController.swift in Sources */ = {isa = PBXBuildFile; fileRef = 558A1DB02424F19E008B6ECE /* ShowAlbumViewController.swift */; };
		558A1DB324251186008B6ECE /* ShowPhotoViewController.swift in Sources */ = {isa = PBXBuildFile; fileRef = 558A1DB224251186008B6ECE /* ShowPhotoViewController.swift */; };
		558A1DB5242514E8008B6ECE /* PhotoCollectionViewCell.swift in Sources */ = {isa = PBXBuildFile; fileRef = 558A1DB4242514E8008B6ECE /* PhotoCollectionViewCell.swift */; };
		558B2A462425E2E200907438 /* Photo.swift in Sources */ = {isa = PBXBuildFile; fileRef = 558B2A422425E2E200907438 /* Photo.swift */; };
		558B2A472425E2E200907438 /* PhotoFactory.swift in Sources */ = {isa = PBXBuildFile; fileRef = 558B2A432425E2E200907438 /* PhotoFactory.swift */; };
		558B2A482425E2E200907438 /* UrlConnection.swift in Sources */ = {isa = PBXBuildFile; fileRef = 558B2A442425E2E200907438 /* UrlConnection.swift */; };
		558B2A492425E2E200907438 /* JsonPlaceHolderAPI.swift in Sources */ = {isa = PBXBuildFile; fileRef = 558B2A452425E2E200907438 /* JsonPlaceHolderAPI.swift */; };
/* End PBXBuildFile section */

/* Begin PBXFileReference section */
		553F8B292425A31C0072E20A /* PhotoDetailViewController.swift */ = {isa = PBXFileReference; lastKnownFileType = sourcecode.swift; path = PhotoDetailViewController.swift; sourceTree = "<group>"; };
		5578A4B52423C35C0068D292 /* JsonPlaceHolder.app */ = {isa = PBXFileReference; explicitFileType = wrapper.application; includeInIndex = 0; path = JsonPlaceHolder.app; sourceTree = BUILT_PRODUCTS_DIR; };
		5578A4B82423C35C0068D292 /* AppDelegate.swift */ = {isa = PBXFileReference; lastKnownFileType = sourcecode.swift; path = AppDelegate.swift; sourceTree = "<group>"; };
		5578A4BA2423C35C0068D292 /* ViewController.swift */ = {isa = PBXFileReference; lastKnownFileType = sourcecode.swift; path = ViewController.swift; sourceTree = "<group>"; };
		5578A4BD2423C35C0068D292 /* Base */ = {isa = PBXFileReference; lastKnownFileType = file.storyboard; name = Base; path = Base.lproj/Main.storyboard; sourceTree = "<group>"; };
		5578A4BF2423C3650068D292 /* Assets.xcassets */ = {isa = PBXFileReference; lastKnownFileType = folder.assetcatalog; path = Assets.xcassets; sourceTree = "<group>"; };
		5578A4C22423C3650068D292 /* Base */ = {isa = PBXFileReference; lastKnownFileType = file.storyboard; name = Base; path = Base.lproj/LaunchScreen.storyboard; sourceTree = "<group>"; };
		5578A4C42423C3650068D292 /* Info.plist */ = {isa = PBXFileReference; lastKnownFileType = text.plist.xml; path = Info.plist; sourceTree = "<group>"; };
		558A1DB02424F19E008B6ECE /* ShowAlbumViewController.swift */ = {isa = PBXFileReference; lastKnownFileType = sourcecode.swift; path = ShowAlbumViewController.swift; sourceTree = "<group>"; };
		558A1DB224251186008B6ECE /* ShowPhotoViewController.swift */ = {isa = PBXFileReference; lastKnownFileType = sourcecode.swift; path = ShowPhotoViewController.swift; sourceTree = "<group>"; };
		558A1DB4242514E8008B6ECE /* PhotoCollectionViewCell.swift */ = {isa = PBXFileReference; lastKnownFileType = sourcecode.swift; path = PhotoCollectionViewCell.swift; sourceTree = "<group>"; };
		558B2A422425E2E200907438 /* Photo.swift */ = {isa = PBXFileReference; fileEncoding = 4; lastKnownFileType = sourcecode.swift; path = Photo.swift; sourceTree = "<group>"; };
		558B2A432425E2E200907438 /* PhotoFactory.swift */ = {isa = PBXFileReference; fileEncoding = 4; lastKnownFileType = sourcecode.swift; path = PhotoFactory.swift; sourceTree = "<group>"; };
		558B2A442425E2E200907438 /* UrlConnection.swift */ = {isa = PBXFileReference; fileEncoding = 4; lastKnownFileType = sourcecode.swift; path = UrlConnection.swift; sourceTree = "<group>"; };
		558B2A452425E2E200907438 /* JsonPlaceHolderAPI.swift */ = {isa = PBXFileReference; fileEncoding = 4; lastKnownFileType = sourcecode.swift; path = JsonPlaceHolderAPI.swift; sourceTree = "<group>"; };
/* End PBXFileReference section */

/* Begin PBXFrameworksBuildPhase section */
		5578A4B22423C35C0068D292 /* Frameworks */ = {
			isa = PBXFrameworksBuildPhase;
			buildActionMask = 2147483647;
			files = (
			);
			runOnlyForDeploymentPostprocessing = 0;
		};
/* End PBXFrameworksBuildPhase section */

/* Begin PBXGroup section */
		553E3CA42425FEFA002DCD81 /* ViewController */ = {
			isa = PBXGroup;
			children = (
				5578A4BA2423C35C0068D292 /* ViewController.swift */,
				558A1DB02424F19E008B6ECE /* ShowAlbumViewController.swift */,
				558A1DB224251186008B6ECE /* ShowPhotoViewController.swift */,
				553F8B292425A31C0072E20A /* PhotoDetailViewController.swift */,
			);
			path = ViewController;
			sourceTree = "<group>";
		};
		553E3CA52425FF21002DCD81 /* Cell */ = {
			isa = PBXGroup;
			children = (
				558A1DB4242514E8008B6ECE /* PhotoCollectionViewCell.swift */,
			);
			path = Cell;
			sourceTree = "<group>";
		};
		5578A4AC2423C35C0068D292 = {
			isa = PBXGroup;
			children = (
				5578A4B72423C35C0068D292 /* JsonPlaceHolder */,
				5578A4B62423C35C0068D292 /* Products */,
			);
			sourceTree = "<group>";
		};
		5578A4B62423C35C0068D292 /* Products */ = {
			isa = PBXGroup;
			children = (
				5578A4B52423C35C0068D292 /* JsonPlaceHolder.app */,
			);
			name = Products;
			sourceTree = "<group>";
		};
		5578A4B72423C35C0068D292 /* JsonPlaceHolder */ = {
			isa = PBXGroup;
			children = (
				558B2A4A2425E47E00907438 /* API */,
				553E3CA52425FF21002DCD81 /* Cell */,
				558B2A412425E2BA00907438 /* Model */,
				553E3CA42425FEFA002DCD81 /* ViewController */,
				5578A4B82423C35C0068D292 /* AppDelegate.swift */,
				5578A4BF2423C3650068D292 /* Assets.xcassets */,
				5578A4C42423C3650068D292 /* Info.plist */,
				5578A4C12423C3650068D292 /* LaunchScreen.storyboard */,
				5578A4BC2423C35C0068D292 /* Main.storyboard */,
			);
			path = JsonPlaceHolder;
			sourceTree = "<group>";
		};
		558B2A412425E2BA00907438 /* Model */ = {
			isa = PBXGroup;
			children = (
				558B2A422425E2E200907438 /* Photo.swift */,
				558B2A432425E2E200907438 /* PhotoFactory.swift */,
			);
			path = Model;
			sourceTree = "<group>";
		};
		558B2A4A2425E47E00907438 /* API */ = {
			isa = PBXGroup;
			children = (
				558B2A452425E2E200907438 /* JsonPlaceHolderAPI.swift */,
				558B2A442425E2E200907438 /* UrlConnection.swift */,
			);
			path = API;
			sourceTree = "<group>";
		};
/* End PBXGroup section */

/* Begin PBXNativeTarget section */
		5578A4B42423C35C0068D292 /* JsonPlaceHolder */ = {
			isa = PBXNativeTarget;
			buildConfigurationList = 5578A4C72423C3650068D292 /* Build configuration list for PBXNativeTarget "JsonPlaceHolder" */;
			buildPhases = (
				5578A4B12423C35C0068D292 /* Sources */,
				5578A4B22423C35C0068D292 /* Frameworks */,
				5578A4B32423C35C0068D292 /* Resources */,
			);
			buildRules = (
			);
			dependencies = (
			);
			name = JsonPlaceHolder;
			productName = JsonPlaceHolder;
			productReference = 5578A4B52423C35C0068D292 /* JsonPlaceHolder.app */;
			productType = "com.apple.product-type.application";
		};
/* End PBXNativeTarget section */

/* Begin PBXProject section */
		5578A4AD2423C35C0068D292 /* Project object */ = {
			isa = PBXProject;
			attributes = {
				LastSwiftUpdateCheck = 1030;
				LastUpgradeCheck = 1030;
				ORGANIZATIONNAME = PanJianTing;
				TargetAttributes = {
					5578A4B42423C35C0068D292 = {
						CreatedOnToolsVersion = 10.3;
					};
				};
			};
			buildConfigurationList = 5578A4B02423C35C0068D292 /* Build configuration list for PBXProject "JsonPlaceHolder" */;
			compatibilityVersion = "Xcode 9.3";
			developmentRegion = en;
			hasScannedForEncodings = 0;
			knownRegions = (
				en,
				Base,
			);
			mainGroup = 5578A4AC2423C35C0068D292;
			productRefGroup = 5578A4B62423C35C0068D292 /* Products */;
			projectDirPath = "";
			projectRoot = "";
			targets = (
				5578A4B42423C35C0068D292 /* JsonPlaceHolder */,
			);
		};
/* End PBXProject section */

/* Begin PBXResourcesBuildPhase section */
		5578A4B32423C35C0068D292 /* Resources */ = {
			isa = PBXResourcesBuildPhase;
			buildActionMask = 2147483647;
			files = (
				5578A4C32423C3650068D292 /* LaunchScreen.storyboard in Resources */,
				5578A4C02423C3650068D292 /* Assets.xcassets in Resources */,
				5578A4BE2423C35C0068D292 /* Main.storyboard in Resources */,
			);
			runOnlyForDeploymentPostprocessing = 0;
		};
/* End PBXResourcesBuildPhase section */

/* Begin PBXSourcesBuildPhase section */
		5578A4B12423C35C0068D292 /* Sources */ = {
			isa = PBXSourcesBuildPhase;
			buildActionMask = 2147483647;
			files = (
				558B2A462425E2E200907438 /* Photo.swift in Sources */,
				553F8B2A2425A31C0072E20A /* PhotoDetailViewController.swift in Sources */,
				5578A4BB2423C35C0068D292 /* ViewController.swift in Sources */,
				558A1DB5242514E8008B6ECE /* PhotoCollectionViewCell.swift in Sources */,
				558B2A482425E2E200907438 /* UrlConnection.swift in Sources */,
				558A1DB12424F19E008B6ECE /* ShowAlbumViewController.swift in Sources */,
				558A1DB324251186008B6ECE /* ShowPhotoViewController.swift in Sources */,
				5578A4B92423C35C0068D292 /* AppDelegate.swift in Sources */,
				558B2A492425E2E200907438 /* JsonPlaceHolderAPI.swift in Sources */,
				558B2A472425E2E200907438 /* PhotoFactory.swift in Sources */,
			);
			runOnlyForDeploymentPostprocessing = 0;
		};
/* End PBXSourcesBuildPhase section */

/* Begin PBXVariantGroup section */
		5578A4BC2423C35C0068D292 /* Main.storyboard */ = {
			isa = PBXVariantGroup;
			children = (
				5578A4BD2423C35C0068D292 /* Base */,
			);
			name = Main.storyboard;
			sourceTree = "<group>";
		};
		5578A4C12423C3650068D292 /* LaunchScreen.storyboard */ = {
			isa = PBXVariantGroup;
			children = (
				5578A4C22423C3650068D292 /* Base */,
			);
			name = LaunchScreen.storyboard;
			sourceTree = "<group>";
		};
/* End PBXVariantGroup section */

/* Begin XCBuildConfiguration section */
		5578A4C52423C3650068D292 /* Debug */ = {
			isa = XCBuildConfiguration;
			buildSettings = {
				ALWAYS_SEARCH_USER_PATHS = NO;
				CLANG_ANALYZER_NONNULL = YES;
				CLANG_ANALYZER_NUMBER_OBJECT_CONVERSION = YES_AGGRESSIVE;
				CLANG_CXX_LANGUAGE_STANDARD = "gnu++14";
				CLANG_CXX_LIBRARY = "libc++";
				CLANG_ENABLE_MODULES = YES;
				CLANG_ENABLE_OBJC_ARC = YES;
				CLANG_ENABLE_OBJC_WEAK = YES;
				CLANG_WARN_BLOCK_CAPTURE_AUTORELEASING = YES;
				CLANG_WARN_BOOL_CONVERSION = YES;
				CLANG_WARN_COMMA = YES;
				CLANG_WARN_CONSTANT_CONVERSION = YES;
				CLANG_WARN_DEPRECATED_OBJC_IMPLEMENTATIONS = YES;
				CLANG_WARN_DIRECT_OBJC_ISA_USAGE = YES_ERROR;
				CLANG_WARN_DOCUMENTATION_COMMENTS = YES;
				CLANG_WARN_EMPTY_BODY = YES;
				CLANG_WARN_ENUM_CONVERSION = YES;
				CLANG_WARN_INFINITE_RECURSION = YES;
				CLANG_WARN_INT_CONVERSION = YES;
				CLANG_WARN_NON_LITERAL_NULL_CONVERSION = YES;
				CLANG_WARN_OBJC_IMPLICIT_RETAIN_SELF = YES;
				CLANG_WARN_OBJC_LITERAL_CONVERSION = YES;
				CLANG_WARN_OBJC_ROOT_CLASS = YES_ERROR;
				CLANG_WARN_RANGE_LOOP_ANALYSIS = YES;
				CLANG_WARN_STRICT_PROTOTYPES = YES;
				CLANG_WARN_SUSPICIOUS_MOVE = YES;
				CLANG_WARN_UNGUARDED_AVAILABILITY = YES_AGGRESSIVE;
				CLANG_WARN_UNREACHABLE_CODE = YES;
				CLANG_WARN__DUPLICATE_METHOD_MATCH = YES;
				CODE_SIGN_IDENTITY = "iPhone Developer";
				COPY_PHASE_STRIP = NO;
				DEBUG_INFORMATION_FORMAT = dwarf;
				ENABLE_STRICT_OBJC_MSGSEND = YES;
				ENABLE_TESTABILITY = YES;
				GCC_C_LANGUAGE_STANDARD = gnu11;
				GCC_DYNAMIC_NO_PIC = NO;
				GCC_NO_COMMON_BLOCKS = YES;
				GCC_OPTIMIZATION_LEVEL = 0;
				GCC_PREPROCESSOR_DEFINITIONS = (
					"DEBUG=1",
					"$(inherited)",
				);
				GCC_WARN_64_TO_32_BIT_CONVERSION = YES;
				GCC_WARN_ABOUT_RETURN_TYPE = YES_ERROR;
				GCC_WARN_UNDECLARED_SELECTOR = YES;
				GCC_WARN_UNINITIALIZED_AUTOS = YES_AGGRESSIVE;
				GCC_WARN_UNUSED_FUNCTION = YES;
				GCC_WARN_UNUSED_VARIABLE = YES;
				IPHONEOS_DEPLOYMENT_TARGET = 12.4;
				MTL_ENABLE_DEBUG_INFO = INCLUDE_SOURCE;
				MTL_FAST_MATH = YES;
				ONLY_ACTIVE_ARCH = YES;
				SDKROOT = iphoneos;
				SWIFT_ACTIVE_COMPILATION_CONDITIONS = DEBUG;
				SWIFT_OPTIMIZATION_LEVEL = "-Onone";
			};
			name = Debug;
		};
		5578A4C62423C3650068D292 /* Release */ = {
			isa = XCBuildConfiguration;
			buildSettings = {
				ALWAYS_SEARCH_USER_PATHS = NO;
				CLANG_ANALYZER_NONNULL = YES;
				CLANG_ANALYZER_NUMBER_OBJECT_CONVERSION = YES_AGGRESSIVE;
				CLANG_CXX_LANGUAGE_STANDARD = "gnu++14";
				CLANG_CXX_LIBRARY = "libc++";
				CLANG_ENABLE_MODULES = YES;
				CLANG_ENABLE_OBJC_ARC = YES;
				CLANG_ENABLE_OBJC_WEAK = YES;
				CLANG_WARN_BLOCK_CAPTURE_AUTORELEASING = YES;
				CLANG_WARN_BOOL_CONVERSION = YES;
				CLANG_WARN_COMMA = YES;
				CLANG_WARN_CONSTANT_CONVERSION = YES;
				CLANG_WARN_DEPRECATED_OBJC_IMPLEMENTATIONS = YES;
				CLANG_WARN_DIRECT_OBJC_ISA_USAGE = YES_ERROR;
				CLANG_WARN_DOCUMENTATION_COMMENTS = YES;
				CLANG_WARN_EMPTY_BODY = YES;
				CLANG_WARN_ENUM_CONVERSION = YES;
				CLANG_WARN_INFINITE_RECURSION = YES;
				CLANG_WARN_INT_CONVERSION = YES;
				CLANG_WARN_NON_LITERAL_NULL_CONVERSION = YES;
				CLANG_WARN_OBJC_IMPLICIT_RETAIN_SELF = YES;
				CLANG_WARN_OBJC_LITERAL_CONVERSION = YES;
				CLANG_WARN_OBJC_ROOT_CLASS = YES_ERROR;
				CLANG_WARN_RANGE_LOOP_ANALYSIS = YES;
				CLANG_WARN_STRICT_PROTOTYPES = YES;
				CLANG_WARN_SUSPICIOUS_MOVE = YES;
				CLANG_WARN_UNGUARDED_AVAILABILITY = YES_AGGRESSIVE;
				CLANG_WARN_UNREACHABLE_CODE = YES;
				CLANG_WARN__DUPLICATE_METHOD_MATCH = YES;
				CODE_SIGN_IDENTITY = "iPhone Developer";
				COPY_PHASE_STRIP = NO;
				DEBUG_INFORMATION_FORMAT = "dwarf-with-dsym";
				ENABLE_NS_ASSERTIONS = NO;
				ENABLE_STRICT_OBJC_MSGSEND = YES;
				GCC_C_LANGUAGE_STANDARD = gnu11;
				GCC_NO_COMMON_BLOCKS = YES;
				GCC_WARN_64_TO_32_BIT_CONVERSION = YES;
				GCC_WARN_ABOUT_RETURN_TYPE = YES_ERROR;
				GCC_WARN_UNDECLARED_SELECTOR = YES;
				GCC_WARN_UNINITIALIZED_AUTOS = YES_AGGRESSIVE;
				GCC_WARN_UNUSED_FUNCTION = YES;
				GCC_WARN_UNUSED_VARIABLE = YES;
				IPHONEOS_DEPLOYMENT_TARGET = 12.4;
				MTL_ENABLE_DEBUG_INFO = NO;
				MTL_FAST_MATH = YES;
				SDKROOT = iphoneos;
				SWIFT_COMPILATION_MODE = wholemodule;
				SWIFT_OPTIMIZATION_LEVEL = "-O";
				VALIDATE_PRODUCT = YES;
			};
			name = Release;
		};
		5578A4C82423C3650068D292 /* Debug */ = {
			isa = XCBuildConfiguration;
			buildSettings = {
				ASSETCATALOG_COMPILER_APPICON_NAME = AppIcon;
				CODE_SIGN_IDENTITY = "Apple Development";
				CODE_SIGN_STYLE = Automatic;
				DEVELOPMENT_TEAM = LK28Y8ZEJN;
				INFOPLIST_FILE = JsonPlaceHolder/Info.plist;
				LD_RUNPATH_SEARCH_PATHS = (
					"$(inherited)",
					"@executable_path/Frameworks",
				);
				PRODUCT_BUNDLE_IDENTIFIER = panjianting.TEST;
				PRODUCT_NAME = "$(TARGET_NAME)";
				PROVISIONING_PROFILE_SPECIFIER = "";
				SWIFT_VERSION = 5.0;
				TARGETED_DEVICE_FAMILY = "1,2";
			};
			name = Debug;
		};
		5578A4C92423C3650068D292 /* Release */ = {
			isa = XCBuildConfiguration;
			buildSettings = {
				ASSETCATALOG_COMPILER_APPICON_NAME = AppIcon;
				CODE_SIGN_IDENTITY = "Apple Development";
				CODE_SIGN_STYLE = Automatic;
				DEVELOPMENT_TEAM = LK28Y8ZEJN;
				INFOPLIST_FILE = JsonPlaceHolder/Info.plist;
				LD_RUNPATH_SEARCH_PATHS = (
					"$(inherited)",
					"@executable_path/Frameworks",
				);
				PRODUCT_BUNDLE_IDENTIFIER = panjianting.TEST;
				PRODUCT_NAME = "$(TARGET_NAME)";
				PROVISIONING_PROFILE_SPECIFIER = "";
				SWIFT_VERSION = 5.0;
				TARGETED_DEVICE_FAMILY = "1,2";
			};
			name = Release;
		};
/* End XCBuildConfiguration section */

/* Begin XCConfigurationList section */
		5578A4B02423C35C0068D292 /* Build configuration list for PBXProject "JsonPlaceHolder" */ = {
			isa = XCConfigurationList;
			buildConfigurations = (
				5578A4C52423C3650068D292 /* Debug */,
				5578A4C62423C3650068D292 /* Release */,
			);
			defaultConfigurationIsVisible = 0;
			defaultConfigurationName = Release;
		};
		5578A4C72423C3650068D292 /* Build configuration list for PBXNativeTarget "JsonPlaceHolder" */ = {
			isa = XCConfigurationList;
			buildConfigurations = (
				5578A4C82423C3650068D292 /* Debug */,
				5578A4C92423C3650068D292 /* Release */,
			);
			defaultConfigurationIsVisible = 0;
			defaultConfigurationName = Release;
		};
/* End XCConfigurationList section */
	};
	rootObject = 5578A4AD2423C35C0068D292 /* Project object */;
}
